<?xml version="1.0" encoding="utf-8"?>
<Project ToolsVersion="4.0" xmlns="http://schemas.microsoft.com/developer/msbuild/2003">
  <ItemGroup>
    <ClCompile Include="stdafx.cpp" />
    <ClCompile Include="Timer.cpp">
      <Filter>Core\Utility</Filter>
    </ClCompile>
    <ClCompile Include="StringUtils.cpp">
      <Filter>Core\Utility</Filter>
    </ClCompile>
  </ItemGroup>
  <ItemGroup>
    <ClInclude Include="stdafx.h" />
    <ClInclude Include="BaseHeader.h">
      <Filter>Core\Base</Filter>
    </ClInclude>
    <ClInclude Include="Version.h">
      <Filter>Core\Base</Filter>
    </ClInclude>
    <ClInclude Include="EngineConfig.h">
      <Filter>Core\Base</Filter>
    </ClInclude>
    <ClInclude Include="InlineFunc.h">
      <Filter>Core\Base</Filter>
    </ClInclude>
    <ClInclude Include="Macros.h">
      <Filter>Core\Base</Filter>
    </ClInclude>
    <ClInclude Include="Platform.h">
      <Filter>Core\Base</Filter>
    </ClInclude>
    <ClInclude Include="PlatormWin32.h">
      <Filter>Core\Base\PlatformConfig</Filter>
    </ClInclude>
    <ClInclude Include="PlatformCompiler.h">
      <Filter>Core\Base\PlatformConfig</Filter>
    </ClInclude>
    <ClInclude Include="PlatformOS.h">
      <Filter>Core\Base\PlatformConfig</Filter>
    </ClInclude>
    <ClInclude Include="NonCopyable.h">
      <Filter>Core\Template</Filter>
    </ClInclude>
    <ClInclude Include="Timer.h">
      <Filter>Core\Utility</Filter>
    </ClInclude>
    <ClInclude Include="StringUtils.h">
      <Filter>Core\Utility</Filter>
    </ClInclude>
    <ClInclude Include="STDHeader.h">
      <Filter>Core\Base\HeaderConfig</Filter>
    </ClInclude>
    <ClInclude Include="OSHeader.h">
      <Filter>Core\Base\HeaderConfig</Filter>
    </ClInclude>
    <ClInclude Include="GAPIHeader.h">
      <Filter>Core\Base\HeaderConfig</Filter>
    </ClInclude>
  </ItemGroup>
  <ItemGroup>
    <Filter Include="Core">
      <UniqueIdentifier>{0c2b6a60-5989-4bec-906c-520a063556d8}</UniqueIdentifier>
    </Filter>
    <Filter Include="Core\Base">
      <UniqueIdentifier>{02c20b17-ac90-438a-8e44-d0ef95d6e2e7}</UniqueIdentifier>
    </Filter>
    <Filter Include="Core\Base\PlatformConfig">
      <UniqueIdentifier>{f5272242-5ffe-41f4-85ae-668296997e3d}</UniqueIdentifier>
    </Filter>
    <Filter Include="Core\Template">
      <UniqueIdentifier>{dbfc01c4-1a1f-47c7-b182-2fcdac561215}</UniqueIdentifier>
    </Filter>
    <Filter Include="Core\Utility">
      <UniqueIdentifier>{f762bc65-248d-47ef-91f6-159a801c1e10}</UniqueIdentifier>
    </Filter>
    <Filter Include="Core\Base\HeaderConfig">
      <UniqueIdentifier>{bb982ea4-f1cb-4beb-856c-f67ae920290f}</UniqueIdentifier>
    </Filter>
  </ItemGroup>
</Project>