<?xml version="1.0" encoding="utf-8"?>
<Project ToolsVersion="4.0" xmlns="http://schemas.microsoft.com/developer/msbuild/2003">
  <ItemGroup>
    <ClCompile Include="stdafx.cpp" />
    <ClCompile Include="Application.cpp">
      <Filter>Engine</Filter>
    </ClCompile>
    <ClCompile Include="RenderSystem.cpp">
      <Filter>Render\Core</Filter>
    </ClCompile>
    <ClCompile Include="D3D11Renderer.cpp">
      <Filter>Render\GAPI\D3D11\Core</Filter>
    </ClCompile>
    <ClCompile Include="D3D11RenderDevice.cpp">
      <Filter>Render\GAPI\D3D11\Core</Filter>
    </ClCompile>
  </ItemGroup>
  <ItemGroup>
    <ClInclude Include="stdafx.h" />
    <ClInclude Include="Application.h">
      <Filter>Engine</Filter>
    </ClInclude>
    <ClInclude Include="Configuration.h">
      <Filter>Engine</Filter>
    </ClInclude>
    <ClInclude Include="RenderConfig.h">
      <Filter>Render\Core</Filter>
    </ClInclude>
    <ClInclude Include="IRenderer.h">
      <Filter>Render\Core</Filter>
    </ClInclude>
    <ClInclude Include="RenderSystem.h">
      <Filter>Render\Core</Filter>
    </ClInclude>
    <ClInclude Include="D3D11Renderer.h">
      <Filter>Render\GAPI\D3D11\Core</Filter>
    </ClInclude>
    <ClInclude Include="D3D11RenderDevice.h">
      <Filter>Render\GAPI\D3D11\Core</Filter>
    </ClInclude>
  </ItemGroup>
  <ItemGroup>
    <Filter Include="Engine">
      <UniqueIdentifier>{20adfa92-65ac-4508-9163-41f7170d542c}</UniqueIdentifier>
    </Filter>
    <Filter Include="Render">
      <UniqueIdentifier>{4c525c92-dc44-4e8a-a2f7-c92c951a71cd}</UniqueIdentifier>
    </Filter>
    <Filter Include="Render\GAPI">
      <UniqueIdentifier>{2c4f3f17-c47f-4a93-b939-41f92bdedba9}</UniqueIdentifier>
    </Filter>
    <Filter Include="Render\GAPI\D3DCore">
      <UniqueIdentifier>{2d169e5d-42f7-4ce9-bcba-9927f4b4da9b}</UniqueIdentifier>
    </Filter>
    <Filter Include="Render\GAPI\D3D11">
      <UniqueIdentifier>{43cc3530-3cec-4521-b751-e3253bc35223}</UniqueIdentifier>
    </Filter>
    <Filter Include="Render\Core">
      <UniqueIdentifier>{a943c4c0-7ef3-47c8-b593-0a449baebbbd}</UniqueIdentifier>
    </Filter>
    <Filter Include="Render\GAPI\D3D11\Core">
      <UniqueIdentifier>{8a619976-b034-4763-a4da-a9383060431d}</UniqueIdentifier>
    </Filter>
    <Filter Include="Render\GAPI\D3D11\Render State">
      <UniqueIdentifier>{0e9aac27-a240-488f-9b50-995952694abb}</UniqueIdentifier>
    </Filter>
  </ItemGroup>
</Project>