<?xml version="1.0" encoding="utf-8"?>
<Project ToolsVersion="4.0" xmlns="http://schemas.microsoft.com/developer/msbuild/2003">
  <ItemGroup>
    <ClCompile Include="stdafx.cpp" />
    <ClCompile Include="Application.cpp">
      <Filter>Engine</Filter>
    </ClCompile>
    <ClCompile Include="Error.cpp">
      <Filter>Core\Debug</Filter>
    </ClCompile>
    <ClCompile Include="Args.cpp">
      <Filter>Core\PlatformSpecific</Filter>
    </ClCompile>
    <ClCompile Include="Console.cpp">
      <Filter>Core\PlatformSpecific</Filter>
    </ClCompile>
    <ClCompile Include="Log.cpp">
      <Filter>Core\Debug</Filter>
    </ClCompile>
    <ClCompile Include="SystemInfo.cpp">
      <Filter>Core\PlatformSpecific</Filter>
    </ClCompile>
    <ClCompile Include="Window.cpp">
      <Filter>Core\PlatformSpecific\Window</Filter>
    </ClCompile>
    <ClCompile Include="Input.cpp">
      <Filter>Core\PlatformSpecific\Input</Filter>
    </ClCompile>
    <ClCompile Include="WindowDPI.cpp">
      <Filter>Core\PlatformSpecific\Window</Filter>
    </ClCompile>
    <ClCompile Include="WindowWindowProc.cpp">
      <Filter>Core\PlatformSpecific\Window</Filter>
    </ClCompile>
    <ClCompile Include="D3DUtils.cpp">
      <Filter>Render\GAPI\D3DCore</Filter>
    </ClCompile>
    <ClCompile Include="Timer.cpp">
      <Filter>Core\Utility</Filter>
    </ClCompile>
    <ClCompile Include="RenderSystem.cpp">
      <Filter>Render\Core</Filter>
    </ClCompile>
    <ClCompile Include="D3D11Renderer.cpp">
      <Filter>Render\GAPI\D3D11\Core</Filter>
    </ClCompile>
    <ClCompile Include="D3D11RenderDevice.cpp">
      <Filter>Render\GAPI\D3D11\Core</Filter>
    </ClCompile>
    <ClCompile Include="StringUtils.cpp">
      <Filter>Core\Utility</Filter>
    </ClCompile>
    <ClCompile Include="DisplayFlags.cpp">
      <Filter>Render\Core</Filter>
    </ClCompile>
    <ClCompile Include="RenderUtils.cpp">
      <Filter>Render\Core</Filter>
    </ClCompile>
    <ClCompile Include="D3DVendor.cpp">
      <Filter>Render\GAPI\D3DCore</Filter>
    </ClCompile>
    <ClCompile Include="Extent2D.cpp">
      <Filter>Math</Filter>
    </ClCompile>
    <ClCompile Include="CoreMath.cpp">
      <Filter>Math</Filter>
    </ClCompile>
    <ClCompile Include="Extent3D.cpp">
      <Filter>Math</Filter>
    </ClCompile>
    <ClCompile Include="Offset2D.cpp">
      <Filter>Math</Filter>
    </ClCompile>
    <ClCompile Include="Offset3D.cpp">
      <Filter>Math</Filter>
    </ClCompile>
    <ClCompile Include="D3D11CommandContext.cpp">
      <Filter>Render\GAPI\D3D11\Render State</Filter>
    </ClCompile>
    <ClCompile Include="OSPlatform.cpp">
      <Filter>Core\PlatformSpecific</Filter>
    </ClCompile>
    <ClCompile Include="EventTemp.cpp">
      <Filter>Core\Event</Filter>
    </ClCompile>
  </ItemGroup>
  <ItemGroup>
    <ClInclude Include="stdafx.h" />
    <ClInclude Include="Version.h">
      <Filter>Core\Base</Filter>
    </ClInclude>
    <ClInclude Include="BaseHeader.h">
      <Filter>Core\Base</Filter>
    </ClInclude>
    <ClInclude Include="EngineConfig.h">
      <Filter>Core\Base</Filter>
    </ClInclude>
    <ClInclude Include="InlineFunc.h">
      <Filter>Core\Base</Filter>
    </ClInclude>
    <ClInclude Include="Macros.h">
      <Filter>Core\Base</Filter>
    </ClInclude>
    <ClInclude Include="Platform.h">
      <Filter>Core\Base</Filter>
    </ClInclude>
    <ClInclude Include="PlatformCompiler.h">
      <Filter>Core\Base\Platform</Filter>
    </ClInclude>
    <ClInclude Include="PlatformOS.h">
      <Filter>Core\Base\Platform</Filter>
    </ClInclude>
    <ClInclude Include="Application.h">
      <Filter>Engine</Filter>
    </ClInclude>
    <ClInclude Include="Error.h">
      <Filter>Core\Debug</Filter>
    </ClInclude>
    <ClInclude Include="Args.h">
      <Filter>Core\PlatformSpecific</Filter>
    </ClInclude>
    <ClInclude Include="Console.h">
      <Filter>Core\PlatformSpecific</Filter>
    </ClInclude>
    <ClInclude Include="Log.h">
      <Filter>Core\Debug</Filter>
    </ClInclude>
    <ClInclude Include="LogConfig.h">
      <Filter>Core\Debug</Filter>
    </ClInclude>
    <ClInclude Include="SystemInfo.h">
      <Filter>Core\PlatformSpecific</Filter>
    </ClInclude>
    <ClInclude Include="Window.h">
      <Filter>Core\PlatformSpecific\Window</Filter>
    </ClInclude>
    <ClInclude Include="Input.h">
      <Filter>Core\PlatformSpecific\Input</Filter>
    </ClInclude>
    <ClInclude Include="WindowConfig.h">
      <Filter>Core\PlatformSpecific\Window</Filter>
    </ClInclude>
    <ClInclude Include="Subsystem.h">
      <Filter>Core\Object</Filter>
    </ClInclude>
    <ClInclude Include="Configuration.h">
      <Filter>Engine</Filter>
    </ClInclude>
    <ClInclude Include="D3DUtils.h">
      <Filter>Render\GAPI\D3DCore</Filter>
    </ClInclude>
    <ClInclude Include="Timer.h">
      <Filter>Core\Utility</Filter>
    </ClInclude>
    <ClInclude Include="RenderConfig.h">
      <Filter>Render\Core</Filter>
    </ClInclude>
    <ClInclude Include="IRenderer.h">
      <Filter>Render\Core</Filter>
    </ClInclude>
    <ClInclude Include="RenderSystem.h">
      <Filter>Render\Core</Filter>
    </ClInclude>
    <ClInclude Include="D3D11Renderer.h">
      <Filter>Render\GAPI\D3D11\Core</Filter>
    </ClInclude>
    <ClInclude Include="D3D11RenderDevice.h">
      <Filter>Render\GAPI\D3D11\Core</Filter>
    </ClInclude>
    <ClInclude Include="StringUtils.h">
      <Filter>Core\Utility</Filter>
    </ClInclude>
    <ClInclude Include="VideoAdapter.h">
      <Filter>Render\Core</Filter>
    </ClInclude>
    <ClInclude Include="DisplayFlags.h">
      <Filter>Render\Core</Filter>
    </ClInclude>
    <ClInclude Include="RenderUtils.h">
      <Filter>Render\Core</Filter>
    </ClInclude>
    <ClInclude Include="D3DVendor.h">
      <Filter>Render\GAPI\D3DCore</Filter>
    </ClInclude>
    <ClInclude Include="Extent2D.h">
      <Filter>Math</Filter>
    </ClInclude>
    <ClInclude Include="CoreMath.h">
      <Filter>Math</Filter>
    </ClInclude>
    <ClInclude Include="Extent3D.h">
      <Filter>Math</Filter>
    </ClInclude>
    <ClInclude Include="Offset2D.h">
      <Filter>Math</Filter>
    </ClInclude>
    <ClInclude Include="Offset3D.h">
      <Filter>Math</Filter>
    </ClInclude>
    <ClInclude Include="NonCopyable.h">
      <Filter>Core\Template</Filter>
    </ClInclude>
    <ClInclude Include="WindowNativeHandle.h">
      <Filter>Core\PlatformSpecific\Window</Filter>
    </ClInclude>
    <ClInclude Include="PlatormWin32.h">
      <Filter>Core\Base\Platform</Filter>
    </ClInclude>
    <ClInclude Include="D3D11CommandContext.h">
      <Filter>Render\GAPI\D3D11\Render State</Filter>
    </ClInclude>
    <ClInclude Include="OSPlatform.h">
      <Filter>Core\PlatformSpecific</Filter>
    </ClInclude>
    <ClInclude Include="SignalAndSlot.h">
      <Filter>Core\Template</Filter>
    </ClInclude>
    <ClInclude Include="EventTemp.h">
      <Filter>Core\Event</Filter>
    </ClInclude>
  </ItemGroup>
  <ItemGroup>
    <Filter Include="Core">
      <UniqueIdentifier>{0bcf6af9-943b-4145-92bb-248009884fa6}</UniqueIdentifier>
    </Filter>
    <Filter Include="Core\Base">
      <UniqueIdentifier>{77724ee3-a06e-453c-b451-d56d8eb8a2d0}</UniqueIdentifier>
    </Filter>
    <Filter Include="Core\Base\Platform">
      <UniqueIdentifier>{b1627d86-3651-43bf-bcbd-c218ed392b20}</UniqueIdentifier>
    </Filter>
    <Filter Include="Engine">
      <UniqueIdentifier>{20adfa92-65ac-4508-9163-41f7170d542c}</UniqueIdentifier>
    </Filter>
    <Filter Include="Core\Debug">
      <UniqueIdentifier>{8d5408fd-a8eb-46a1-b851-28580533f335}</UniqueIdentifier>
    </Filter>
    <Filter Include="Core\Template">
      <UniqueIdentifier>{5d56e818-f952-4a21-864d-fd7896e46052}</UniqueIdentifier>
    </Filter>
    <Filter Include="Core\PlatformSpecific">
      <UniqueIdentifier>{87d20703-0f9c-49dd-bf76-6204571d7a1e}</UniqueIdentifier>
    </Filter>
    <Filter Include="Core\PlatformSpecific\Window">
      <UniqueIdentifier>{b1ea6da0-77c9-4d96-b183-8d149dab8b01}</UniqueIdentifier>
    </Filter>
    <Filter Include="Core\PlatformSpecific\Input">
      <UniqueIdentifier>{00bfa07f-98fa-44aa-b03b-8b5670f5f838}</UniqueIdentifier>
    </Filter>
    <Filter Include="Core\Object">
      <UniqueIdentifier>{8fa1d60a-e53b-4097-b1dd-191bd3a9797d}</UniqueIdentifier>
    </Filter>
    <Filter Include="Render">
      <UniqueIdentifier>{4c525c92-dc44-4e8a-a2f7-c92c951a71cd}</UniqueIdentifier>
    </Filter>
    <Filter Include="Core\Utility">
      <UniqueIdentifier>{aa586ed0-f7b3-41ea-806d-4627e4ad9bef}</UniqueIdentifier>
    </Filter>
    <Filter Include="Render\GAPI">
      <UniqueIdentifier>{2c4f3f17-c47f-4a93-b939-41f92bdedba9}</UniqueIdentifier>
    </Filter>
    <Filter Include="Render\GAPI\D3DCore">
      <UniqueIdentifier>{2d169e5d-42f7-4ce9-bcba-9927f4b4da9b}</UniqueIdentifier>
    </Filter>
    <Filter Include="Render\GAPI\D3D11">
      <UniqueIdentifier>{43cc3530-3cec-4521-b751-e3253bc35223}</UniqueIdentifier>
    </Filter>
    <Filter Include="Render\Core">
      <UniqueIdentifier>{a943c4c0-7ef3-47c8-b593-0a449baebbbd}</UniqueIdentifier>
    </Filter>
    <Filter Include="Render\GAPI\D3D11\Core">
      <UniqueIdentifier>{8a619976-b034-4763-a4da-a9383060431d}</UniqueIdentifier>
    </Filter>
    <Filter Include="Math">
      <UniqueIdentifier>{40be18a1-d29e-42df-b0e6-76b27eec2865}</UniqueIdentifier>
    </Filter>
    <Filter Include="Render\GAPI\D3D11\Render State">
      <UniqueIdentifier>{0e9aac27-a240-488f-9b50-995952694abb}</UniqueIdentifier>
    </Filter>
    <Filter Include="_TEMP">
      <UniqueIdentifier>{5b5948d5-81de-40a1-af09-ec83713522b2}</UniqueIdentifier>
    </Filter>
    <Filter Include="Core\Memory">
      <UniqueIdentifier>{cf8938e7-5aac-4c04-89b1-53c4aa6f63ce}</UniqueIdentifier>
    </Filter>
    <Filter Include="Core\Event">
      <UniqueIdentifier>{fc2c092f-4fa2-43a3-96e1-f1321ae73ad9}</UniqueIdentifier>
    </Filter>
  </ItemGroup>
</Project>